
Microsoft Visual Studio Solution File, Format Version 12.00
# Visual Studio Version 17
VisualStudioVersion = 17.8.34525.116
MinimumVisualStudioVersion = 10.0.40219.1
Project("{9A19103F-16F7-4668-BE54-9A1E7A4F7556}") = "ManageIO", "ManageIO.csproj", "{5BAB5D11-E998-44F7-B4E3-13D5FDEDE216}"
EndProject
Global
	GlobalSection(SolutionConfigurationPlatforms) = preSolution
		Debug|Any CPU = Debug|Any CPU
		Release|Any CPU = Release|Any CPU
	EndGlobalSection
	GlobalSection(ProjectConfigurationPlatforms) = postSolution
		{5BAB5D11-E998-44F7-B4E3-13D5FDEDE216}.Debug|Any CPU.ActiveCfg = Debug|Any CPU
		{5BAB5D11-E998-44F7-B4E3-13D5FDEDE216}.Debug|Any CPU.Build.0 = Debug|Any CPU
		{5BAB5D11-E998-44F7-B4E3-13D5FDEDE216}.Release|Any CPU.ActiveCfg = Release|Any CPU
		{5BAB5D11-E998-44F7-B4E3-13D5FDEDE216}.Release|Any CPU.Build.0 = Release|Any CPU
	EndGlobalSection
	GlobalSection(SolutionProperties) = preSolution
		HideSolutionNode = FALSE
	EndGlobalSection
	GlobalSection(ExtensibilityGlobals) = postSolution
		SolutionGuid = {9E82E6A4-C374-41DD-86B0-B16202ADE207}
	EndGlobalSection
EndGlobal
